Microsoft Visual Studio Solution File, Format Version 12.00
# Visual Studio Version 17
VisualStudioVersion = 17.5.2.0
MinimumVisualStudioVersion = 10.0.40219.1
Project("{FAE04EC0-301F-11D3-BF4B-00C04F79EFBC}") = "Cookie.Api", "Cookie.Api\Cookie.Api.csproj", "{2BB84053-A4D6-03D4-0F0D-394DAD385D5C}"
EndProject
Global
	GlobalSection(SolutionConfigurationPlatforms) = preSolution
		Debug|Any CPU = Debug|Any CPU
		Release|Any CPU = Release|Any CPU
	EndGlobalSection
	GlobalSection(ProjectConfigurationPlatforms) = postSolution
		{2BB84053-A4D6-03D4-0F0D-394DAD385D5C}.Debug|Any CPU.ActiveCfg = Debug|Any CPU
		{2BB84053-A4D6-03D4-0F0D-394DAD385D5C}.Debug|Any CPU.Build.0 = Debug|Any CPU
		{2BB84053-A4D6-03D4-0F0D-394DAD385D5C}.Release|Any CPU.ActiveCfg = Release|Any CPU
		{2BB84053-A4D6-03D4-0F0D-394DAD385D5C}.Release|Any CPU.Build.0 = Release|Any CPU
	EndGlobalSection
	GlobalSection(SolutionProperties) = preSolution
		HideSolutionNode = FALSE
	EndGlobalSection
	GlobalSection(ExtensibilityGlobals) = postSolution
		SolutionGuid = {DFB84C28-559E-4D42-9386-970DFB964D98}
	EndGlobalSection
EndGlobal
